{
  "name": "jostraca-critical-review-experiments",
  "version": "0.0.1",
  "lockfileVersion": 3,
  "requires": true,
  "packages": {
    "": {
      "name": "jostraca-critical-review-experiments",
      "version": "0.0.1",
      "dependencies": {
        "jostraca": "0.39.0"
      }
    },
    "node_modules/jostraca": {
      "version": "0.39.0",
      "resolved": "https://registry.npmjs.org/jostraca/-/jostraca-0.39.0.tgz",
      "integrity": "sha512-p0NL7X4L5FEOqMFiyQumaskUDZSHfKulkqVOm5j1SpvUKv5G8k/4AbqlfdTE46fgtMtoA7mya4jgtiSF95aCmw==",
      "license": "MIT",
      "engines": {
        "node": ">=20"
      },
      "peerDependencies": {
        "shape": ">=11"
      }
    },
    "node_modules/shape": {
      "version": "11.4.1",
      "resolved": "https://registry.npmjs.org/shape/-/shape-11.4.1.tgz",
      "integrity": "sha512-olYMCQ7cMr71QAlPEnao4sko6ST6YnUG20pojhBua7mgCpPjIlqaDf7+4sal3eq8zsk0O5vAkV2/tAeybe+fgA==",
      "license": "MIT",
      "peer": true,
      "engines": {
        "node": ">=20"
      }
    }
  }
}
